
Microsoft Visual Studio Solution File, Format Version 12.00
# Visual Studio 15
VisualStudioVersion = 15.0.27428.2027
MinimumVisualStudioVersion = 10.0.40219.1
Project("{FAE04EC0-301F-11D3-BF4B-00C04F79EFBC}") = "UserExporterOfWebshop", "UserExporterOfWebshop\UserExporterOfWebshop.csproj", "{6FB86756-7F23-4EB4-A860-813D7C8996E3}"
EndProject
Project("{FAE04EC0-301F-11D3-BF4B-00C04F79EFBC}") = "UserImporterOfMailSystem", "UserImporterOfMailSystem\UserImporterOfMailSystem.csproj", "{31BEAA86-E430-44E1-9A0D-E629FF41BBBC}"
EndProject
Project("{FAE04EC0-301F-11D3-BF4B-00C04F79EFBC}") = "DataOperator", "DataOperator\DataOperator.csproj", "{935586FF-5088-4BCE-9EEB-B3140E8B9B25}"
EndProject
Project("{FAE04EC0-301F-11D3-BF4B-00C04F79EFBC}") = "DriverWrapper", "DriverWrapper\DriverWrapper.csproj", "{41E6CB5C-DE33-4592-B575-47F654246471}"
EndProject
Project("{FAE04EC0-301F-11D3-BF4B-00C04F79EFBC}") = "DebuggerConsole", "DebuggerConsole\DebuggerConsole.csproj", "{2C951323-0C7F-43C7-A8BD-3DBB23B29922}"
EndProject
Global
	GlobalSection(SolutionConfigurationPlatforms) = preSolution
		Debug|Any CPU = Debug|Any CPU
		Release|Any CPU = Release|Any CPU
	EndGlobalSection
	GlobalSection(ProjectConfigurationPlatforms) = postSolution
		{6FB86756-7F23-4EB4-A860-813D7C8996E3}.Debug|Any CPU.ActiveCfg = Debug|Any CPU
		{6FB86756-7F23-4EB4-A860-813D7C8996E3}.Debug|Any CPU.Build.0 = Debug|Any CPU
		{6FB86756-7F23-4EB4-A860-813D7C8996E3}.Release|Any CPU.ActiveCfg = Release|Any CPU
		{6FB86756-7F23-4EB4-A860-813D7C8996E3}.Release|Any CPU.Build.0 = Release|Any CPU
		{31BEAA86-E430-44E1-9A0D-E629FF41BBBC}.Debug|Any CPU.ActiveCfg = Debug|Any CPU
		{31BEAA86-E430-44E1-9A0D-E629FF41BBBC}.Debug|Any CPU.Build.0 = Debug|Any CPU
		{31BEAA86-E430-44E1-9A0D-E629FF41BBBC}.Release|Any CPU.ActiveCfg = Release|Any CPU
		{31BEAA86-E430-44E1-9A0D-E629FF41BBBC}.Release|Any CPU.Build.0 = Release|Any CPU
		{935586FF-5088-4BCE-9EEB-B3140E8B9B25}.Debug|Any CPU.ActiveCfg = Debug|Any CPU
		{935586FF-5088-4BCE-9EEB-B3140E8B9B25}.Debug|Any CPU.Build.0 = Debug|Any CPU
		{935586FF-5088-4BCE-9EEB-B3140E8B9B25}.Release|Any CPU.ActiveCfg = Release|Any CPU
		{935586FF-5088-4BCE-9EEB-B3140E8B9B25}.Release|Any CPU.Build.0 = Release|Any CPU
		{41E6CB5C-DE33-4592-B575-47F654246471}.Debug|Any CPU.ActiveCfg = Debug|Any CPU
		{41E6CB5C-DE33-4592-B575-47F654246471}.Debug|Any CPU.Build.0 = Debug|Any CPU
		{41E6CB5C-DE33-4592-B575-47F654246471}.Release|Any CPU.ActiveCfg = Release|Any CPU
		{41E6CB5C-DE33-4592-B575-47F654246471}.Release|Any CPU.Build.0 = Release|Any CPU
		{2C951323-0C7F-43C7-A8BD-3DBB23B29922}.Debug|Any CPU.ActiveCfg = Debug|Any CPU
		{2C951323-0C7F-43C7-A8BD-3DBB23B29922}.Debug|Any CPU.Build.0 = Debug|Any CPU
		{2C951323-0C7F-43C7-A8BD-3DBB23B29922}.Release|Any CPU.ActiveCfg = Release|Any CPU
		{2C951323-0C7F-43C7-A8BD-3DBB23B29922}.Release|Any CPU.Build.0 = Release|Any CPU
	EndGlobalSection
	GlobalSection(SolutionProperties) = preSolution
		HideSolutionNode = FALSE
	EndGlobalSection
	GlobalSection(ExtensibilityGlobals) = postSolution
		SolutionGuid = {1F7D196B-4884-4ADE-A1DF-C43BB0DC7660}
	EndGlobalSection
EndGlobal
